// !$*UTF8*$!
{
	archiveVersion = 1;
	classes = {
	};
	objectVersion = 50;
	objects = {

/* Begin PBXBuildFile section */
		61A5C7A8229E6E040018CB52 /* AppDelegate.swift in Sources */ = {isa = PBXBuildFile; fileRef = 61A5C7A7229E6E040018CB52 /* AppDelegate.swift */; };
		61A5C7AA229E6E040018CB52 /* ViewController.swift in Sources */ = {isa = PBXBuildFile; fileRef = 61A5C7A9229E6E040018CB52 /* ViewController.swift */; };
		61A5C7AD229E6E040018CB52 /* Main.storyboard in Resources */ = {isa = PBXBuildFile; fileRef = 61A5C7AB229E6E040018CB52 /* Main.storyboard */; };
		61A5C7AF229E6E050018CB52 /* Assets.xcassets in Resources */ = {isa = PBXBuildFile; fileRef = 61A5C7AE229E6E050018CB52 /* Assets.xcassets */; };
		61A5C7B2229E6E050018CB52 /* LaunchScreen.storyboard in Resources */ = {isa = PBXBuildFile; fileRef = 61A5C7B0229E6E050018CB52 /* LaunchScreen.storyboard */; };
		61A5C7BA229E6E890018CB52 /* FirstResponderViewController.swift in Sources */ = {isa = PBXBuildFile; fileRef = 61A5C7B9229E6E890018CB52 /* FirstResponderViewController.swift */; };
		61A5C7BC229E73370018CB52 /* KeyboardTypesViewController.swift in Sources */ = {isa = PBXBuildFile; fileRef = 61A5C7BB229E73370018CB52 /* KeyboardTypesViewController.swift */; };
		61A5C7BE229E75250018CB52 /* KeyboardAppearanceViewController.swift in Sources */ = {isa = PBXBuildFile; fileRef = 61A5C7BD229E75250018CB52 /* KeyboardAppearanceViewController.swift */; };
		61A5C7C0229E76910018CB52 /* ReturnKeyViewController.swift in Sources */ = {isa = PBXBuildFile; fileRef = 61A5C7BF229E76910018CB52 /* ReturnKeyViewController.swift */; };
		61A5C7C2229E7BDB0018CB52 /* KeyboardNotificationViewController.swift in Sources */ = {isa = PBXBuildFile; fileRef = 61A5C7C1229E7BDB0018CB52 /* KeyboardNotificationViewController.swift */; };
/* End PBXBuildFile section */

/* Begin PBXFileReference section */
		61A5C7A4229E6E040018CB52 /* Keybord.app */ = {isa = PBXFileReference; explicitFileType = wrapper.application; includeInIndex = 0; path = Keybord.app; sourceTree = BUILT_PRODUCTS_DIR; };
		61A5C7A7229E6E040018CB52 /* AppDelegate.swift */ = {isa = PBXFileReference; lastKnownFileType = sourcecode.swift; path = AppDelegate.swift; sourceTree = "<group>"; };
		61A5C7A9229E6E040018CB52 /* ViewController.swift */ = {isa = PBXFileReference; lastKnownFileType = sourcecode.swift; path = ViewController.swift; sourceTree = "<group>"; };
		61A5C7AC229E6E040018CB52 /* Base */ = {isa = PBXFileReference; lastKnownFileType = file.storyboard; name = Base; path = Base.lproj/Main.storyboard; sourceTree = "<group>"; };
		61A5C7AE229E6E050018CB52 /* Assets.xcassets */ = {isa = PBXFileReference; lastKnownFileType = folder.assetcatalog; path = Assets.xcassets; sourceTree = "<group>"; };
		61A5C7B1229E6E050018CB52 /* Base */ = {isa = PBXFileReference; lastKnownFileType = file.storyboard; name = Base; path = Base.lproj/LaunchScreen.storyboard; sourceTree = "<group>"; };
		61A5C7B3229E6E050018CB52 /* Info.plist */ = {isa = PBXFileReference; lastKnownFileType = text.plist.xml; path = Info.plist; sourceTree = "<group>"; };
		61A5C7B9229E6E890018CB52 /* FirstResponderViewController.swift */ = {isa = PBXFileReference; lastKnownFileType = sourcecode.swift; path = FirstResponderViewController.swift; sourceTree = "<group>"; };
		61A5C7BB229E73370018CB52 /* KeyboardTypesViewController.swift */ = {isa = PBXFileReference; lastKnownFileType = sourcecode.swift; path = KeyboardTypesViewController.swift; sourceTree = "<group>"; };
		61A5C7BD229E75250018CB52 /* KeyboardAppearanceViewController.swift */ = {isa = PBXFileReference; lastKnownFileType = sourcecode.swift; path = KeyboardAppearanceViewController.swift; sourceTree = "<group>"; };
		61A5C7BF229E76910018CB52 /* ReturnKeyViewController.swift */ = {isa = PBXFileReference; lastKnownFileType = sourcecode.swift; path = ReturnKeyViewController.swift; sourceTree = "<group>"; };
		61A5C7C1229E7BDB0018CB52 /* KeyboardNotificationViewController.swift */ = {isa = PBXFileReference; lastKnownFileType = sourcecode.swift; path = KeyboardNotificationViewController.swift; sourceTree = "<group>"; };
/* End PBXFileReference section */

/* Begin PBXFrameworksBuildPhase section */
		61A5C7A1229E6E040018CB52 /* Frameworks */ = {
			isa = PBXFrameworksBuildPhase;
			buildActionMask = 2147483647;
			files = (
			);
			runOnlyForDeploymentPostprocessing = 0;
		};
/* End PBXFrameworksBuildPhase section */

/* Begin PBXGroup section */
		61A5C79B229E6E040018CB52 = {
			isa = PBXGroup;
			children = (
				61A5C7A6229E6E040018CB52 /* Keybord */,
				61A5C7A5229E6E040018CB52 /* Products */,
			);
			sourceTree = "<group>";
		};
		61A5C7A5229E6E040018CB52 /* Products */ = {
			isa = PBXGroup;
			children = (
				61A5C7A4229E6E040018CB52 /* Keybord.app */,
			);
			name = Products;
			sourceTree = "<group>";
		};
		61A5C7A6229E6E040018CB52 /* Keybord */ = {
			isa = PBXGroup;
			children = (
				61A5C7A7229E6E040018CB52 /* AppDelegate.swift */,
				61A5C7A9229E6E040018CB52 /* ViewController.swift */,
				61A5C7AB229E6E040018CB52 /* Main.storyboard */,
				61A5C7AE229E6E050018CB52 /* Assets.xcassets */,
				61A5C7B0229E6E050018CB52 /* LaunchScreen.storyboard */,
				61A5C7B3229E6E050018CB52 /* Info.plist */,
				61A5C7B9229E6E890018CB52 /* FirstResponderViewController.swift */,
				61A5C7BB229E73370018CB52 /* KeyboardTypesViewController.swift */,
				61A5C7BD229E75250018CB52 /* KeyboardAppearanceViewController.swift */,
				61A5C7BF229E76910018CB52 /* ReturnKeyViewController.swift */,
				61A5C7C1229E7BDB0018CB52 /* KeyboardNotificationViewController.swift */,
			);
			path = Keybord;
			sourceTree = "<group>";
		};
/* End PBXGroup section */

/* Begin PBXNativeTarget section */
		61A5C7A3229E6E040018CB52 /* Keybord */ = {
			isa = PBXNativeTarget;
			buildConfigurationList = 61A5C7B6229E6E050018CB52 /* Build configuration list for PBXNativeTarget "Keybord" */;
			buildPhases = (
				61A5C7A0229E6E040018CB52 /* Sources */,
				61A5C7A1229E6E040018CB52 /* Frameworks */,
				61A5C7A2229E6E040018CB52 /* Resources */,
			);
			buildRules = (
			);
			dependencies = (
			);
			name = Keybord;
			productName = Keybord;
			productReference = 61A5C7A4229E6E040018CB52 /* Keybord.app */;
			productType = "com.apple.product-type.application";
		};
/* End PBXNativeTarget section */

/* Begin PBXProject section */
		61A5C79C229E6E040018CB52 /* Project object */ = {
			isa = PBXProject;
			attributes = {
				LastSwiftUpdateCheck = 1020;
				LastUpgradeCheck = 1020;
				ORGANIZATIONNAME = "Seungjun Lim";
				TargetAttributes = {
					61A5C7A3229E6E040018CB52 = {
						CreatedOnToolsVersion = 10.2.1;
					};
				};
			};
			buildConfigurationList = 61A5C79F229E6E040018CB52 /* Build configuration list for PBXProject "Keybord" */;
			compatibilityVersion = "Xcode 9.3";
			developmentRegion = en;
			hasScannedForEncodings = 0;
			knownRegions = (
				en,
				Base,
			);
			mainGroup = 61A5C79B229E6E040018CB52;
			productRefGroup = 61A5C7A5229E6E040018CB52 /* Products */;
			projectDirPath = "";
			projectRoot = "";
			targets = (
				61A5C7A3229E6E040018CB52 /* Keybord */,
			);
		};
/* End PBXProject section */

/* Begin PBXResourcesBuildPhase section */
		61A5C7A2229E6E040018CB52 /* Resources */ = {
			isa = PBXResourcesBuildPhase;
			buildActionMask = 2147483647;
			files = (
				61A5C7B2229E6E050018CB52 /* LaunchScreen.storyboard in Resources */,
				61A5C7AF229E6E050018CB52 /* Assets.xcassets in Resources */,
				61A5C7AD229E6E040018CB52 /* Main.storyboard in Resources */,
			);
			runOnlyForDeploymentPostprocessing = 0;
		};
/* End PBXResourcesBuildPhase section */

/* Begin PBXSourcesBuildPhase section */
		61A5C7A0229E6E040018CB52 /* Sources */ = {
			isa = PBXSourcesBuildPhase;
			buildActionMask = 2147483647;
			files = (
				61A5C7C2229E7BDB0018CB52 /* KeyboardNotificationViewController.swift in Sources */,
				61A5C7C0229E76910018CB52 /* ReturnKeyViewController.swift in Sources */,
				61A5C7BE229E75250018CB52 /* KeyboardAppearanceViewController.swift in Sources */,
				61A5C7AA229E6E040018CB52 /* ViewController.swift in Sources */,
				61A5C7A8229E6E040018CB52 /* AppDelegate.swift in Sources */,
				61A5C7BA229E6E890018CB52 /* FirstResponderViewController.swift in Sources */,
				61A5C7BC229E73370018CB52 /* KeyboardTypesViewController.swift in Sources */,
			);
			runOnlyForDeploymentPostprocessing = 0;
		};
/* End PBXSourcesBuildPhase section */

/* Begin PBXVariantGroup section */
		61A5C7AB229E6E040018CB52 /* Main.storyboard */ = {
			isa = PBXVariantGroup;
			children = (
				61A5C7AC229E6E040018CB52 /* Base */,
			);
			name = Main.storyboard;
			sourceTree = "<group>";
		};
		61A5C7B0229E6E050018CB52 /* LaunchScreen.storyboard */ = {
			isa = PBXVariantGroup;
			children = (
				61A5C7B1229E6E050018CB52 /* Base */,
			);
			name = LaunchScreen.storyboard;
			sourceTree = "<group>";
		};
/* End PBXVariantGroup section */

/* Begin XCBuildConfiguration section */
		61A5C7B4229E6E050018CB52 /* Debug */ = {
			isa = XCBuildConfiguration;
			buildSettings = {
				ALWAYS_SEARCH_USER_PATHS = NO;
				CLANG_ANALYZER_NONNULL = YES;
				CLANG_ANALYZER_NUMBER_OBJECT_CONVERSION = YES_AGGRESSIVE;
				CLANG_CXX_LANGUAGE_STANDARD = "gnu++14";
				CLANG_CXX_LIBRARY = "libc++";
				CLANG_ENABLE_MODULES = YES;
				CLANG_ENABLE_OBJC_ARC = YES;
				CLANG_ENABLE_OBJC_WEAK = YES;
				CLANG_WARN_BLOCK_CAPTURE_AUTORELEASING = YES;
				CLANG_WARN_BOOL_CONVERSION = YES;
				CLANG_WARN_COMMA = YES;
				CLANG_WARN_CONSTANT_CONVERSION = YES;
				CLANG_WARN_DEPRECATED_OBJC_IMPLEMENTATIONS = YES;
				CLANG_WARN_DIRECT_OBJC_ISA_USAGE = YES_ERROR;
				CLANG_WARN_DOCUMENTATION_COMMENTS = YES;
				CLANG_WARN_EMPTY_BODY = YES;
				CLANG_WARN_ENUM_CONVERSION = YES;
				CLANG_WARN_INFINITE_RECURSION = YES;
				CLANG_WARN_INT_CONVERSION = YES;
				CLANG_WARN_NON_LITERAL_NULL_CONVERSION = YES;
				CLANG_WARN_OBJC_IMPLICIT_RETAIN_SELF = YES;
				CLANG_WARN_OBJC_LITERAL_CONVERSION = YES;
				CLANG_WARN_OBJC_ROOT_CLASS = YES_ERROR;
				CLANG_WARN_RANGE_LOOP_ANALYSIS = YES;
				CLANG_WARN_STRICT_PROTOTYPES = YES;
				CLANG_WARN_SUSPICIOUS_MOVE = YES;
				CLANG_WARN_UNGUARDED_AVAILABILITY = YES_AGGRESSIVE;
				CLANG_WARN_UNREACHABLE_CODE = YES;
				CLANG_WARN__DUPLICATE_METHOD_MATCH = YES;
				CODE_SIGN_IDENTITY = "iPhone Developer";
				COPY_PHASE_STRIP = NO;
				DEBUG_INFORMATION_FORMAT = dwarf;
				ENABLE_STRICT_OBJC_MSGSEND = YES;
				ENABLE_TESTABILITY = YES;
				GCC_C_LANGUAGE_STANDARD = gnu11;
				GCC_DYNAMIC_NO_PIC = NO;
				GCC_NO_COMMON_BLOCKS = YES;
				GCC_OPTIMIZATION_LEVEL = 0;
				GCC_PREPROCESSOR_DEFINITIONS = (
					"DEBUG=1",
					"$(inherited)",
				);
				GCC_WARN_64_TO_32_BIT_CONVERSION = YES;
				GCC_WARN_ABOUT_RETURN_TYPE = YES_ERROR;
				GCC_WARN_UNDECLARED_SELECTOR = YES;
				GCC_WARN_UNINITIALIZED_AUTOS = YES_AGGRESSIVE;
				GCC_WARN_UNUSED_FUNCTION = YES;
				GCC_WARN_UNUSED_VARIABLE = YES;
				IPHONEOS_DEPLOYMENT_TARGET = 12.2;
				MTL_ENABLE_DEBUG_INFO = INCLUDE_SOURCE;
				MTL_FAST_MATH = YES;
				ONLY_ACTIVE_ARCH = YES;
				SDKROOT = iphoneos;
				SWIFT_ACTIVE_COMPILATION_CONDITIONS = DEBUG;
				SWIFT_OPTIMIZATION_LEVEL = "-Onone";
			};
			name = Debug;
		};
		61A5C7B5229E6E050018CB52 /* Release */ = {
			isa = XCBuildConfiguration;
			buildSettings = {
				ALWAYS_SEARCH_USER_PATHS = NO;
				CLANG_ANALYZER_NONNULL = YES;
				CLANG_ANALYZER_NUMBER_OBJECT_CONVERSION = YES_AGGRESSIVE;
				CLANG_CXX_LANGUAGE_STANDARD = "gnu++14";
				CLANG_CXX_LIBRARY = "libc++";
				CLANG_ENABLE_MODULES = YES;
				CLANG_ENABLE_OBJC_ARC = YES;
				CLANG_ENABLE_OBJC_WEAK = YES;
				CLANG_WARN_BLOCK_CAPTURE_AUTORELEASING = YES;
				CLANG_WARN_BOOL_CONVERSION = YES;
				CLANG_WARN_COMMA = YES;
				CLANG_WARN_CONSTANT_CONVERSION = YES;
				CLANG_WARN_DEPRECATED_OBJC_IMPLEMENTATIONS = YES;
				CLANG_WARN_DIRECT_OBJC_ISA_USAGE = YES_ERROR;
				CLANG_WARN_DOCUMENTATION_COMMENTS = YES;
				CLANG_WARN_EMPTY_BODY = YES;
				CLANG_WARN_ENUM_CONVERSION = YES;
				CLANG_WARN_INFINITE_RECURSION = YES;
				CLANG_WARN_INT_CONVERSION = YES;
				CLANG_WARN_NON_LITERAL_NULL_CONVERSION = YES;
				CLANG_WARN_OBJC_IMPLICIT_RETAIN_SELF = YES;
				CLANG_WARN_OBJC_LITERAL_CONVERSION = YES;
				CLANG_WARN_OBJC_ROOT_CLASS = YES_ERROR;
				CLANG_WARN_RANGE_LOOP_ANALYSIS = YES;
				CLANG_WARN_STRICT_PROTOTYPES = YES;
				CLANG_WARN_SUSPICIOUS_MOVE = YES;
				CLANG_WARN_UNGUARDED_AVAILABILITY = YES_AGGRESSIVE;
				CLANG_WARN_UNREACHABLE_CODE = YES;
				CLANG_WARN__DUPLICATE_METHOD_MATCH = YES;
				CODE_SIGN_IDENTITY = "iPhone Developer";
				COPY_PHASE_STRIP = NO;
				DEBUG_INFORMATION_FORMAT = "dwarf-with-dsym";
				ENABLE_NS_ASSERTIONS = NO;
				ENABLE_STRICT_OBJC_MSGSEND = YES;
				GCC_C_LANGUAGE_STANDARD = gnu11;
				GCC_NO_COMMON_BLOCKS = YES;
				GCC_WARN_64_TO_32_BIT_CONVERSION = YES;
				GCC_WARN_ABOUT_RETURN_TYPE = YES_ERROR;
				GCC_WARN_UNDECLARED_SELECTOR = YES;
				GCC_WARN_UNINITIALIZED_AUTOS = YES_AGGRESSIVE;
				GCC_WARN_UNUSED_FUNCTION = YES;
				GCC_WARN_UNUSED_VARIABLE = YES;
				IPHONEOS_DEPLOYMENT_TARGET = 12.2;
				MTL_ENABLE_DEBUG_INFO = NO;
				MTL_FAST_MATH = YES;
				SDKROOT = iphoneos;
				SWIFT_COMPILATION_MODE = wholemodule;
				SWIFT_OPTIMIZATION_LEVEL = "-O";
				VALIDATE_PRODUCT = YES;
			};
			name = Release;
		};
		61A5C7B7229E6E050018CB52 /* Debug */ = {
			isa = XCBuildConfiguration;
			buildSettings = {
				ASSETCATALOG_COMPILER_APPICON_NAME = AppIcon;
				CODE_SIGN_STYLE = Automatic;
				DEVELOPMENT_TEAM = 2N3RNKY3RM;
				INFOPLIST_FILE = Keybord/Info.plist;
				LD_RUNPATH_SEARCH_PATHS = (
					"$(inherited)",
					"@executable_path/Frameworks",
				);
				PRODUCT_BUNDLE_IDENTIFIER = com.Codein.Keybord;
				PRODUCT_NAME = "$(TARGET_NAME)";
				SWIFT_VERSION = 5.0;
				TARGETED_DEVICE_FAMILY = "1,2";
			};
			name = Debug;
		};
		61A5C7B8229E6E050018CB52 /* Release */ = {
			isa = XCBuildConfiguration;
			buildSettings = {
				ASSETCATALOG_COMPILER_APPICON_NAME = AppIcon;
				CODE_SIGN_STYLE = Automatic;
				DEVELOPMENT_TEAM = 2N3RNKY3RM;
				INFOPLIST_FILE = Keybord/Info.plist;
				LD_RUNPATH_SEARCH_PATHS = (
					"$(inherited)",
					"@executable_path/Frameworks",
				);
				PRODUCT_BUNDLE_IDENTIFIER = com.Codein.Keybord;
				PRODUCT_NAME = "$(TARGET_NAME)";
				SWIFT_VERSION = 5.0;
				TARGETED_DEVICE_FAMILY = "1,2";
			};
			name = Release;
		};
/* End XCBuildConfiguration section */

/* Begin XCConfigurationList section */
		61A5C79F229E6E040018CB52 /* Build configuration list for PBXProject "Keybord" */ = {
			isa = XCConfigurationList;
			buildConfigurations = (
				61A5C7B4229E6E050018CB52 /* Debug */,
				61A5C7B5229E6E050018CB52 /* Release */,
			);
			defaultConfigurationIsVisible = 0;
			defaultConfigurationName = Release;
		};
		61A5C7B6229E6E050018CB52 /* Build configuration list for PBXNativeTarget "Keybord" */ = {
			isa = XCConfigurationList;
			buildConfigurations = (
				61A5C7B7229E6E050018CB52 /* Debug */,
				61A5C7B8229E6E050018CB52 /* Release */,
			);
			defaultConfigurationIsVisible = 0;
			defaultConfigurationName = Release;
		};
/* End XCConfigurationList section */
	};
	rootObject = 61A5C79C229E6E040018CB52 /* Project object */;
}
